<?xml version="1.0" encoding="UTF-8" standalone="yes" ?>
<CodeBlocks_project_file>
	<FileVersion major="1" minor="6" />
	<Project>
		<Option title="cbuild" />
		<Option pch_mode="2" />
		<Option compiler="gcc" />
		<Build>
			<Target title="Debug">
				<Option output="bin/Debug/cexec" prefix_auto="1" extension_auto="1" />
				<Option object_output="obj/Debug/" />
				<Option type="1" />
				<Option compiler="gcc" />
				<Option parameters="build debug" />
				<Compiler>
					<Add option="-g" />
				</Compiler>
			</Target>
			<Target title="Release">
				<Option output="bin/Release/cexec" prefix_auto="1" extension_auto="1" />
				<Option object_output="obj/Release/" />
				<Option type="1" />
				<Option compiler="gcc" />
				<Option parameters="build" />
				<Compiler>
					<Add option="-O2" />
				</Compiler>
				<Linker>
					<Add option="-s" />
				</Linker>
			</Target>
		</Build>
		<Compiler>
			<Add option="-Wall" />
			<Add option="-fexceptions" />
		</Compiler>
		<Unit filename="settings-dll.txt" />
		<Unit filename="settings.txt" />
		<Unit filename="src/consts.h" />
		<Unit filename="src/darv/Block.cpp" />
		<Unit filename="src/darv/Block.h" />
		<Unit filename="src/darv/CMD.cpp" />
		<Unit filename="src/darv/CMD.h" />
		<Unit filename="src/darv/MainScript.cpp" />
		<Unit filename="src/darv/MainScript.h" />
		<Unit filename="src/darv/Prop.cpp" />
		<Unit filename="src/darv/Prop.h" />
		<Unit filename="src/darv/Statement.cpp" />
		<Unit filename="src/darv/Statement.h" />
		<Unit filename="src/darv/Task.cpp" />
		<Unit filename="src/darv/Task.h" />
		<Unit filename="src/darv/Var.cpp" />
		<Unit filename="src/darv/Var.h" />
		<Unit filename="src/inter/BlockInterDriver.h" />
		<Unit filename="src/inter/CMDInter.cpp" />
		<Unit filename="src/inter/CMDInter.h" />
		<Unit filename="src/inter/Inter.cpp" />
		<Unit filename="src/inter/Inter.h" />
		<Unit filename="src/inter/InterManager.cpp" />
		<Unit filename="src/inter/InterManager.h" />
		<Unit filename="src/inter/InterResult.cpp" />
		<Unit filename="src/inter/InterResult.h" />
		<Unit filename="src/inter/MainScriptInter.cpp" />
		<Unit filename="src/inter/MainScriptInter.h" />
		<Unit filename="src/inter/PropInter.cpp" />
		<Unit filename="src/inter/PropInter.h" />
		<Unit filename="src/inter/TaskInter.cpp" />
		<Unit filename="src/inter/TaskInter.h" />
		<Unit filename="src/inter/VarInter.cpp" />
		<Unit filename="src/inter/VarInter.h" />
		<Unit filename="src/inter/it/BlockIterator.h" />
		<Unit filename="src/inter/it/FileIterator.cpp" />
		<Unit filename="src/inter/it/FileIterator.h" />
		<Unit filename="src/inter/it/StringIterator.cpp" />
		<Unit filename="src/inter/it/StringIterator.h" />
		<Unit filename="src/io/cppio.cpp" />
		<Unit filename="src/io/cppio.h" />
		<Unit filename="src/io/filter/AllFileFilter.cpp" />
		<Unit filename="src/io/filter/AllFileFilter.h" />
		<Unit filename="src/io/filter/ByExtFileFilter.cpp" />
		<Unit filename="src/io/filter/ByExtFileFilter.h" />
		<Unit filename="src/io/filter/FileFilter.h" />
		<Unit filename="src/io/io.cpp" />
		<Unit filename="src/io/io.h" />
		<Unit filename="src/main.cpp" />
		<Unit filename="src/shell/shell.cpp" />
		<Unit filename="src/shell/shell.h" />
		<Unit filename="src/util/strutil.cpp" />
		<Unit filename="src/util/strutil.h" />
		<Extensions />
	</Project>
</CodeBlocks_project_file>
