<?xml version="1.0" encoding="UTF-8" standalone="yes" ?>
<CodeBlocks_project_file>
	<FileVersion major="1" minor="6" />
	<Project>
		<Option title="taskexec" />
		<Option pch_mode="2" />
		<Option compiler="gcc" />
		<Build>
			<Target title="Debug">
				<Option output="bin/Debug/taskexec" prefix_auto="1" extension_auto="1" />
				<Option object_output="obj/Debug/" />
				<Option type="1" />
				<Option compiler="gcc" />
				<Option parameters="build" />
				<Compiler>
					<Add option="-g" />
				</Compiler>
			</Target>
			<Target title="Release">
				<Option output="bin/Release/taskmgr" prefix_auto="1" extension_auto="1" />
				<Option object_output="obj/Release/" />
				<Option type="1" />
				<Option compiler="gcc" />
				<Compiler>
					<Add option="-O2" />
				</Compiler>
				<Linker>
					<Add option="-s" />
				</Linker>
			</Target>
		</Build>
		<Compiler>
			<Add option="-Wall" />
			<Add option="-fexceptions" />
		</Compiler>
		<Unit filename="src/TaskExec.cpp" />
		<Unit filename="src/TaskExec.h" />
		<Unit filename="src/args/Args.cpp" />
		<Unit filename="src/args/Args.h" />
		<Unit filename="src/args/ArgsInter.cpp" />
		<Unit filename="src/args/ArgsInter.h" />
		<Unit filename="src/main.cpp" />
		<Unit filename="src/shell/shell.cpp" />
		<Unit filename="src/shell/shell.h" />
		<Unit filename="src/util/Properties.cpp" />
		<Unit filename="src/util/Properties.h" />
		<Unit filename="src/util/ioutil.cpp" />
		<Unit filename="src/util/ioutil.h" />
		<Unit filename="src/util/util.cpp" />
		<Unit filename="src/util/util.h" />
		<Unit filename="src/util/utilexcept.cpp" />
		<Unit filename="src/util/utilexcept.h" />
		<Unit filename="taskexec.properties" />
		<Extensions />
	</Project>
</CodeBlocks_project_file>
